
Microsoft Visual Studio Solution File, Format Version 12.00
# Visual Studio Version 17
VisualStudioVersion = 17.4.33213.308
MinimumVisualStudioVersion = 10.0.40219.1
Project("{FAE04EC0-301F-11D3-BF4B-00C04F79EFBC}") = "JCD1.5.5", "JCD1.5.5.csproj", "{58DD1613-8C3D-4C1D-B8E0-0ED81F1A444B}"
EndProject
Global
	GlobalSection(SolutionConfigurationPlatforms) = preSolution
		Debug|Any CPU = Debug|Any CPU
		Release|Any CPU = Release|Any CPU
	EndGlobalSection
	GlobalSection(ProjectConfigurationPlatforms) = postSolution
		{58DD1613-8C3D-4C1D-B8E0-0ED81F1A444B}.Debug|Any CPU.ActiveCfg = Debug|Any CPU
		{58DD1613-8C3D-4C1D-B8E0-0ED81F1A444B}.Debug|Any CPU.Build.0 = Debug|Any CPU
		{58DD1613-8C3D-4C1D-B8E0-0ED81F1A444B}.Release|Any CPU.ActiveCfg = Release|Any CPU
		{58DD1613-8C3D-4C1D-B8E0-0ED81F1A444B}.Release|Any CPU.Build.0 = Release|Any CPU
	EndGlobalSection
	GlobalSection(SolutionProperties) = preSolution
		HideSolutionNode = FALSE
	EndGlobalSection
	GlobalSection(ExtensibilityGlobals) = postSolution
		SolutionGuid = {7A8E7848-1F91-4B52-B73D-DA38319A50DE}
	EndGlobalSection
EndGlobal
